
Microsoft Visual Studio Solution File, Format Version 12.00
# Visual Studio Version 16
VisualStudioVersion = 16.0.32106.194
MinimumVisualStudioVersion = 10.0.40219.1
Project("{FAE04EC0-301F-11D3-BF4B-00C04F79EFBC}") = "mp3 player", "mp3 player\mp3 player.csproj", "{1F6EB930-89F1-4474-94A9-F830A2DBE41C}"
EndProject
Global
	GlobalSection(SolutionConfigurationPlatforms) = preSolution
		Debug|Any CPU = Debug|Any CPU
		Release|Any CPU = Release|Any CPU
	EndGlobalSection
	GlobalSection(ProjectConfigurationPlatforms) = postSolution
		{1F6EB930-89F1-4474-94A9-F830A2DBE41C}.Debug|Any CPU.ActiveCfg = Debug|Any CPU
		{1F6EB930-89F1-4474-94A9-F830A2DBE41C}.Debug|Any CPU.Build.0 = Debug|Any CPU
		{1F6EB930-89F1-4474-94A9-F830A2DBE41C}.Release|Any CPU.ActiveCfg = Release|Any CPU
		{1F6EB930-89F1-4474-94A9-F830A2DBE41C}.Release|Any CPU.Build.0 = Release|Any CPU
	EndGlobalSection
	GlobalSection(SolutionProperties) = preSolution
		HideSolutionNode = FALSE
	EndGlobalSection
	GlobalSection(ExtensibilityGlobals) = postSolution
		SolutionGuid = {7232C96C-B955-41FB-8156-51A96500E94B}
	EndGlobalSection
EndGlobal
